
Microsoft Visual Studio Solution File, Format Version 12.00
# Visual Studio Version 17
VisualStudioVersion = 17.1.32319.34
MinimumVisualStudioVersion = 10.0.40219.1
Project("{FAE04EC0-301F-11D3-BF4B-00C04F79EFBC}") = "hworkkk", "hworkkk\hworkkk.csproj", "{64ABADC9-A143-4BFC-A986-D576700D918B}"
EndProject
Global
	GlobalSection(SolutionConfigurationPlatforms) = preSolution
		Debug|Any CPU = Debug|Any CPU
		Release|Any CPU = Release|Any CPU
	EndGlobalSection
	GlobalSection(ProjectConfigurationPlatforms) = postSolution
		{64ABADC9-A143-4BFC-A986-D576700D918B}.Debug|Any CPU.ActiveCfg = Debug|Any CPU
		{64ABADC9-A143-4BFC-A986-D576700D918B}.Debug|Any CPU.Build.0 = Debug|Any CPU
		{64ABADC9-A143-4BFC-A986-D576700D918B}.Release|Any CPU.ActiveCfg = Release|Any CPU
		{64ABADC9-A143-4BFC-A986-D576700D918B}.Release|Any CPU.Build.0 = Release|Any CPU
	EndGlobalSection
	GlobalSection(SolutionProperties) = preSolution
		HideSolutionNode = FALSE
	EndGlobalSection
	GlobalSection(ExtensibilityGlobals) = postSolution
		SolutionGuid = {70753605-FFC7-4083-BF6C-D365281C0072}
	EndGlobalSection
EndGlobal
